
Microsoft Visual Studio Solution File, Format Version 12.00
# Visual Studio 15
VisualStudioVersion = 15.0.26929.2
MinimumVisualStudioVersion = 10.0.40219.1
Project("{FAE04EC0-301F-11D3-BF4B-00C04F79EFBC}") = "BearerTokenGenerator", "BearerTokenGenerator\BearerTokenGenerator.csproj", "{D6944AFB-6B36-4A8D-9AA2-8B5725A40934}"
EndProject
Global
	GlobalSection(SolutionConfigurationPlatforms) = preSolution
		Debug|Any CPU = Debug|Any CPU
		Release|Any CPU = Release|Any CPU
	EndGlobalSection
	GlobalSection(ProjectConfigurationPlatforms) = postSolution
		{D6944AFB-6B36-4A8D-9AA2-8B5725A40934}.Debug|Any CPU.ActiveCfg = Debug|Any CPU
		{D6944AFB-6B36-4A8D-9AA2-8B5725A40934}.Debug|Any CPU.Build.0 = Debug|Any CPU
		{D6944AFB-6B36-4A8D-9AA2-8B5725A40934}.Release|Any CPU.ActiveCfg = Release|Any CPU
		{D6944AFB-6B36-4A8D-9AA2-8B5725A40934}.Release|Any CPU.Build.0 = Release|Any CPU
	EndGlobalSection
	GlobalSection(SolutionProperties) = preSolution
		HideSolutionNode = FALSE
	EndGlobalSection
	GlobalSection(ExtensibilityGlobals) = postSolution
		SolutionGuid = {4058E8C7-B75B-4363-820A-5AEAF4DC76BF}
	EndGlobalSection
EndGlobal
